
Microsoft Visual Studio Solution File, Format Version 11.00
# Visual Studio 2010
Project("{FAE04EC0-301F-11D3-BF4B-00C04F79EFBC}") = "GameEngine", "GameEngine\GameEngine.csproj", "{A741999C-5F51-4A20-BDDB-E583D061D556}"
EndProject
Project("{FAE04EC0-301F-11D3-BF4B-00C04F79EFBC}") = "ViewForms", "ViewForms\ViewForms.csproj", "{0856B075-37D1-4DDE-B061-CD102C59F3EF}"
EndProject
Project("{FAE04EC0-301F-11D3-BF4B-00C04F79EFBC}") = "XNAGame", "XNAGame\XNAGame\XNAGame.csproj", "{150095E7-DEF0-43D3-8474-808EE0985955}"
EndProject
Project("{FAE04EC0-301F-11D3-BF4B-00C04F79EFBC}") = "XNAGameContent", "XNAGame\XNAGameContent\XNAGameContent.contentproj", "{16843B71-B05A-4FC1-BA3F-1C9C0986362D}"
EndProject
Global
	GlobalSection(TestCaseManagementSettings) = postSolution
		CategoryFile = StrategyGame.vsmdi
	EndGlobalSection
	GlobalSection(SolutionConfigurationPlatforms) = preSolution
		Debug|Any CPU = Debug|Any CPU
		Debug|Mixed Platforms = Debug|Mixed Platforms
		Debug|x86 = Debug|x86
		Release|Any CPU = Release|Any CPU
		Release|Mixed Platforms = Release|Mixed Platforms
		Release|x86 = Release|x86
	EndGlobalSection
	GlobalSection(ProjectConfigurationPlatforms) = postSolution
		{A741999C-5F51-4A20-BDDB-E583D061D556}.Debug|Any CPU.ActiveCfg = Debug|Any CPU
		{A741999C-5F51-4A20-BDDB-E583D061D556}.Debug|Any CPU.Build.0 = Debug|Any CPU
		{A741999C-5F51-4A20-BDDB-E583D061D556}.Debug|Mixed Platforms.ActiveCfg = Debug|Any CPU
		{A741999C-5F51-4A20-BDDB-E583D061D556}.Debug|Mixed Platforms.Build.0 = Debug|Any CPU
		{A741999C-5F51-4A20-BDDB-E583D061D556}.Debug|x86.ActiveCfg = Debug|Any CPU
		{A741999C-5F51-4A20-BDDB-E583D061D556}.Release|Any CPU.ActiveCfg = Release|Any CPU
		{A741999C-5F51-4A20-BDDB-E583D061D556}.Release|Any CPU.Build.0 = Release|Any CPU
		{A741999C-5F51-4A20-BDDB-E583D061D556}.Release|Mixed Platforms.ActiveCfg = Release|Any CPU
		{A741999C-5F51-4A20-BDDB-E583D061D556}.Release|Mixed Platforms.Build.0 = Release|Any CPU
		{A741999C-5F51-4A20-BDDB-E583D061D556}.Release|x86.ActiveCfg = Release|Any CPU
		{0856B075-37D1-4DDE-B061-CD102C59F3EF}.Debug|Any CPU.ActiveCfg = Debug|Any CPU
		{0856B075-37D1-4DDE-B061-CD102C59F3EF}.Debug|Any CPU.Build.0 = Debug|Any CPU
		{0856B075-37D1-4DDE-B061-CD102C59F3EF}.Debug|Mixed Platforms.ActiveCfg = Debug|Any CPU
		{0856B075-37D1-4DDE-B061-CD102C59F3EF}.Debug|Mixed Platforms.Build.0 = Debug|Any CPU
		{0856B075-37D1-4DDE-B061-CD102C59F3EF}.Debug|x86.ActiveCfg = Debug|Any CPU
		{0856B075-37D1-4DDE-B061-CD102C59F3EF}.Release|Any CPU.ActiveCfg = Release|Any CPU
		{0856B075-37D1-4DDE-B061-CD102C59F3EF}.Release|Any CPU.Build.0 = Release|Any CPU
		{0856B075-37D1-4DDE-B061-CD102C59F3EF}.Release|Mixed Platforms.ActiveCfg = Release|Any CPU
		{0856B075-37D1-4DDE-B061-CD102C59F3EF}.Release|Mixed Platforms.Build.0 = Release|Any CPU
		{0856B075-37D1-4DDE-B061-CD102C59F3EF}.Release|x86.ActiveCfg = Release|Any CPU
		{150095E7-DEF0-43D3-8474-808EE0985955}.Debug|Any CPU.ActiveCfg = Debug|x86
		{150095E7-DEF0-43D3-8474-808EE0985955}.Debug|Mixed Platforms.ActiveCfg = Debug|x86
		{150095E7-DEF0-43D3-8474-808EE0985955}.Debug|Mixed Platforms.Build.0 = Debug|x86
		{150095E7-DEF0-43D3-8474-808EE0985955}.Debug|x86.ActiveCfg = Debug|x86
		{150095E7-DEF0-43D3-8474-808EE0985955}.Debug|x86.Build.0 = Debug|x86
		{150095E7-DEF0-43D3-8474-808EE0985955}.Release|Any CPU.ActiveCfg = Release|x86
		{150095E7-DEF0-43D3-8474-808EE0985955}.Release|Mixed Platforms.ActiveCfg = Release|x86
		{150095E7-DEF0-43D3-8474-808EE0985955}.Release|Mixed Platforms.Build.0 = Release|x86
		{150095E7-DEF0-43D3-8474-808EE0985955}.Release|x86.ActiveCfg = Release|x86
		{150095E7-DEF0-43D3-8474-808EE0985955}.Release|x86.Build.0 = Release|x86
		{16843B71-B05A-4FC1-BA3F-1C9C0986362D}.Debug|Any CPU.ActiveCfg = Debug|x86
		{16843B71-B05A-4FC1-BA3F-1C9C0986362D}.Debug|Mixed Platforms.ActiveCfg = Debug|x86
		{16843B71-B05A-4FC1-BA3F-1C9C0986362D}.Debug|x86.ActiveCfg = Debug|x86
		{16843B71-B05A-4FC1-BA3F-1C9C0986362D}.Release|Any CPU.ActiveCfg = Release|x86
		{16843B71-B05A-4FC1-BA3F-1C9C0986362D}.Release|Mixed Platforms.ActiveCfg = Release|x86
		{16843B71-B05A-4FC1-BA3F-1C9C0986362D}.Release|x86.ActiveCfg = Release|x86
	EndGlobalSection
	GlobalSection(SolutionProperties) = preSolution
		HideSolutionNode = FALSE
	EndGlobalSection
	GlobalSection(MonoDevelopProperties) = preSolution
		StartupItem = ViewForms\ViewForms.csproj
	EndGlobalSection
EndGlobal
